
Microsoft Visual Studio Solution File, Format Version 12.00
# Visual Studio Version 16
VisualStudioVersion = 16.0.30611.23
MinimumVisualStudioVersion = 10.0.40219.1
Project("{9A19103F-16F7-4668-BE54-9A1E7A4F7556}") = "Kampintro", "Kampintro\Kampintro.csproj", "{1E4ADF0E-BAE5-4E76-B1FE-E726344504FA}"
EndProject
Project("{9A19103F-16F7-4668-BE54-9A1E7A4F7556}") = "Donguler", "Donguler\Donguler.csproj", "{D5866C30-EECF-46CA-B313-89A0F92F24E1}"
EndProject
Project("{9A19103F-16F7-4668-BE54-9A1E7A4F7556}") = "Classİntro", "Classİntro\Classİntro.csproj", "{116B9AD9-69A8-4824-9FC9-DB1A72B8462E}"
EndProject
Project("{9A19103F-16F7-4668-BE54-9A1E7A4F7556}") = "Methods", "Methods\Methods.csproj", "{5380C56E-4063-488C-BE24-DEA5B43F4FEF}"
EndProject
Project("{9A19103F-16F7-4668-BE54-9A1E7A4F7556}") = "Matematik", "Matematik\Matematik.csproj", "{B86BA4C7-BABE-4262-A013-88C82BEC8E16}"
EndProject
Project("{9A19103F-16F7-4668-BE54-9A1E7A4F7556}") = "DegerVeReferansTıpler", "DegerVeReferansTıpler\DegerVeReferansTıpler.csproj", "{CD2C43AD-AAC7-49A6-B5D4-92B3143564E3}"
EndProject
Project("{9A19103F-16F7-4668-BE54-9A1E7A4F7556}") = "metotTekrar", "metotTekrar\metotTekrar.csproj", "{D7BF470D-09CD-40B6-B4A1-43E59DACF5BF}"
EndProject
Project("{9A19103F-16F7-4668-BE54-9A1E7A4F7556}") = "ClassMetotDemo", "ClassMetotDemo\ClassMetotDemo.csproj", "{6058F96D-93A8-408F-BD5C-68789C6F3464}"
EndProject
Project("{9A19103F-16F7-4668-BE54-9A1E7A4F7556}") = "OOP1", "OOP1\OOP1.csproj", "{6CA614ED-BFF4-41DF-9561-B15CB9EAA130}"
EndProject
Project("{9A19103F-16F7-4668-BE54-9A1E7A4F7556}") = "Koleksiyonlar", "Koleksiyonlar\Koleksiyonlar.csproj", "{349A0D79-423F-4D7B-801F-C9B28D3A54F3}"
EndProject
Project("{9A19103F-16F7-4668-BE54-9A1E7A4F7556}") = "GenericsIntro", "GenericsIntro\GenericsIntro.csproj", "{94F0A6B5-B500-414C-966A-108FC4745FDB}"
EndProject
Project("{FAE04EC0-301F-11D3-BF4B-00C04F79EFBC}") = "OOP2", "OOP2\OOP2.csproj", "{B7417236-7B0C-4C69-A92A-D38F4C4F9B04}"
EndProject
Project("{FAE04EC0-301F-11D3-BF4B-00C04F79EFBC}") = "OOP3", "OOP3\OOP3.csproj", "{E2A2F5E6-0ADF-4DD6-8020-722DA31449C4}"
EndProject
Global
	GlobalSection(SolutionConfigurationPlatforms) = preSolution
		Debug|Any CPU = Debug|Any CPU
		Release|Any CPU = Release|Any CPU
	EndGlobalSection
	GlobalSection(ProjectConfigurationPlatforms) = postSolution
		{1E4ADF0E-BAE5-4E76-B1FE-E726344504FA}.Debug|Any CPU.ActiveCfg = Debug|Any CPU
		{1E4ADF0E-BAE5-4E76-B1FE-E726344504FA}.Debug|Any CPU.Build.0 = Debug|Any CPU
		{1E4ADF0E-BAE5-4E76-B1FE-E726344504FA}.Release|Any CPU.ActiveCfg = Release|Any CPU
		{1E4ADF0E-BAE5-4E76-B1FE-E726344504FA}.Release|Any CPU.Build.0 = Release|Any CPU
		{D5866C30-EECF-46CA-B313-89A0F92F24E1}.Debug|Any CPU.ActiveCfg = Debug|Any CPU
		{D5866C30-EECF-46CA-B313-89A0F92F24E1}.Debug|Any CPU.Build.0 = Debug|Any CPU
		{D5866C30-EECF-46CA-B313-89A0F92F24E1}.Release|Any CPU.ActiveCfg = Release|Any CPU
		{D5866C30-EECF-46CA-B313-89A0F92F24E1}.Release|Any CPU.Build.0 = Release|Any CPU
		{116B9AD9-69A8-4824-9FC9-DB1A72B8462E}.Debug|Any CPU.ActiveCfg = Debug|Any CPU
		{116B9AD9-69A8-4824-9FC9-DB1A72B8462E}.Debug|Any CPU.Build.0 = Debug|Any CPU
		{116B9AD9-69A8-4824-9FC9-DB1A72B8462E}.Release|Any CPU.ActiveCfg = Release|Any CPU
		{116B9AD9-69A8-4824-9FC9-DB1A72B8462E}.Release|Any CPU.Build.0 = Release|Any CPU
		{5380C56E-4063-488C-BE24-DEA5B43F4FEF}.Debug|Any CPU.ActiveCfg = Debug|Any CPU
		{5380C56E-4063-488C-BE24-DEA5B43F4FEF}.Debug|Any CPU.Build.0 = Debug|Any CPU
		{5380C56E-4063-488C-BE24-DEA5B43F4FEF}.Release|Any CPU.ActiveCfg = Release|Any CPU
		{5380C56E-4063-488C-BE24-DEA5B43F4FEF}.Release|Any CPU.Build.0 = Release|Any CPU
		{B86BA4C7-BABE-4262-A013-88C82BEC8E16}.Debug|Any CPU.ActiveCfg = Debug|Any CPU
		{B86BA4C7-BABE-4262-A013-88C82BEC8E16}.Debug|Any CPU.Build.0 = Debug|Any CPU
		{B86BA4C7-BABE-4262-A013-88C82BEC8E16}.Release|Any CPU.ActiveCfg = Release|Any CPU
		{B86BA4C7-BABE-4262-A013-88C82BEC8E16}.Release|Any CPU.Build.0 = Release|Any CPU
		{CD2C43AD-AAC7-49A6-B5D4-92B3143564E3}.Debug|Any CPU.ActiveCfg = Debug|Any CPU
		{CD2C43AD-AAC7-49A6-B5D4-92B3143564E3}.Debug|Any CPU.Build.0 = Debug|Any CPU
		{CD2C43AD-AAC7-49A6-B5D4-92B3143564E3}.Release|Any CPU.ActiveCfg = Release|Any CPU
		{CD2C43AD-AAC7-49A6-B5D4-92B3143564E3}.Release|Any CPU.Build.0 = Release|Any CPU
		{D7BF470D-09CD-40B6-B4A1-43E59DACF5BF}.Debug|Any CPU.ActiveCfg = Debug|Any CPU
		{D7BF470D-09CD-40B6-B4A1-43E59DACF5BF}.Debug|Any CPU.Build.0 = Debug|Any CPU
		{D7BF470D-09CD-40B6-B4A1-43E59DACF5BF}.Release|Any CPU.ActiveCfg = Release|Any CPU
		{D7BF470D-09CD-40B6-B4A1-43E59DACF5BF}.Release|Any CPU.Build.0 = Release|Any CPU
		{6058F96D-93A8-408F-BD5C-68789C6F3464}.Debug|Any CPU.ActiveCfg = Debug|Any CPU
		{6058F96D-93A8-408F-BD5C-68789C6F3464}.Debug|Any CPU.Build.0 = Debug|Any CPU
		{6058F96D-93A8-408F-BD5C-68789C6F3464}.Release|Any CPU.ActiveCfg = Release|Any CPU
		{6058F96D-93A8-408F-BD5C-68789C6F3464}.Release|Any CPU.Build.0 = Release|Any CPU
		{6CA614ED-BFF4-41DF-9561-B15CB9EAA130}.Debug|Any CPU.ActiveCfg = Debug|Any CPU
		{6CA614ED-BFF4-41DF-9561-B15CB9EAA130}.Debug|Any CPU.Build.0 = Debug|Any CPU
		{6CA614ED-BFF4-41DF-9561-B15CB9EAA130}.Release|Any CPU.ActiveCfg = Release|Any CPU
		{6CA614ED-BFF4-41DF-9561-B15CB9EAA130}.Release|Any CPU.Build.0 = Release|Any CPU
		{349A0D79-423F-4D7B-801F-C9B28D3A54F3}.Debug|Any CPU.ActiveCfg = Debug|Any CPU
		{349A0D79-423F-4D7B-801F-C9B28D3A54F3}.Debug|Any CPU.Build.0 = Debug|Any CPU
		{349A0D79-423F-4D7B-801F-C9B28D3A54F3}.Release|Any CPU.ActiveCfg = Release|Any CPU
		{349A0D79-423F-4D7B-801F-C9B28D3A54F3}.Release|Any CPU.Build.0 = Release|Any CPU
		{94F0A6B5-B500-414C-966A-108FC4745FDB}.Debug|Any CPU.ActiveCfg = Debug|Any CPU
		{94F0A6B5-B500-414C-966A-108FC4745FDB}.Debug|Any CPU.Build.0 = Debug|Any CPU
		{94F0A6B5-B500-414C-966A-108FC4745FDB}.Release|Any CPU.ActiveCfg = Release|Any CPU
		{94F0A6B5-B500-414C-966A-108FC4745FDB}.Release|Any CPU.Build.0 = Release|Any CPU
		{B7417236-7B0C-4C69-A92A-D38F4C4F9B04}.Debug|Any CPU.ActiveCfg = Debug|Any CPU
		{B7417236-7B0C-4C69-A92A-D38F4C4F9B04}.Debug|Any CPU.Build.0 = Debug|Any CPU
		{B7417236-7B0C-4C69-A92A-D38F4C4F9B04}.Release|Any CPU.ActiveCfg = Release|Any CPU
		{B7417236-7B0C-4C69-A92A-D38F4C4F9B04}.Release|Any CPU.Build.0 = Release|Any CPU
		{E2A2F5E6-0ADF-4DD6-8020-722DA31449C4}.Debug|Any CPU.ActiveCfg = Debug|Any CPU
		{E2A2F5E6-0ADF-4DD6-8020-722DA31449C4}.Debug|Any CPU.Build.0 = Debug|Any CPU
		{E2A2F5E6-0ADF-4DD6-8020-722DA31449C4}.Release|Any CPU.ActiveCfg = Release|Any CPU
		{E2A2F5E6-0ADF-4DD6-8020-722DA31449C4}.Release|Any CPU.Build.0 = Release|Any CPU
	EndGlobalSection
	GlobalSection(SolutionProperties) = preSolution
		HideSolutionNode = FALSE
	EndGlobalSection
	GlobalSection(ExtensibilityGlobals) = postSolution
		SolutionGuid = {F1421DC2-06AF-4825-BB04-4862779487E2}
	EndGlobalSection
EndGlobal
